
Microsoft Visual Studio Solution File, Format Version 12.00
# Visual Studio Version 16
VisualStudioVersion = 16.0.31410.357
MinimumVisualStudioVersion = 10.0.40219.1
Project("{FAE04EC0-301F-11D3-BF4B-00C04F79EFBC}") = "Rainbow 6 Siege random operator generator", "Rainbow 6 Siege random operator generator\Rainbow 6 Siege random operator generator.csproj", "{AA1DCEA1-CC87-48D8-A0E2-B4E216B56424}"
EndProject
Global
	GlobalSection(SolutionConfigurationPlatforms) = preSolution
		Debug|Any CPU = Debug|Any CPU
		Release|Any CPU = Release|Any CPU
	EndGlobalSection
	GlobalSection(ProjectConfigurationPlatforms) = postSolution
		{AA1DCEA1-CC87-48D8-A0E2-B4E216B56424}.Debug|Any CPU.ActiveCfg = Debug|Any CPU
		{AA1DCEA1-CC87-48D8-A0E2-B4E216B56424}.Debug|Any CPU.Build.0 = Debug|Any CPU
		{AA1DCEA1-CC87-48D8-A0E2-B4E216B56424}.Release|Any CPU.ActiveCfg = Release|Any CPU
		{AA1DCEA1-CC87-48D8-A0E2-B4E216B56424}.Release|Any CPU.Build.0 = Release|Any CPU
	EndGlobalSection
	GlobalSection(SolutionProperties) = preSolution
		HideSolutionNode = FALSE
	EndGlobalSection
	GlobalSection(ExtensibilityGlobals) = postSolution
		SolutionGuid = {BDDCCFD1-EE34-4939-BD1B-ECA31B638F0C}
	EndGlobalSection
EndGlobal
